// !$*UTF8*$!
{
	archiveVersion = 1;
	classes = {
	};
	objectVersion = 50;
	objects = {

/* Begin PBXBuildFile section */
		DB3273CB224475AA00587BF7 /* Peripheral.swift in Sources */ = {isa = PBXBuildFile; fileRef = DB3273CA224475AA00587BF7 /* Peripheral.swift */; };
		DB42E0542242BBB00017511D /* AppDelegate.swift in Sources */ = {isa = PBXBuildFile; fileRef = DB42E0532242BBB00017511D /* AppDelegate.swift */; };
		DB42E0562242BBB00017511D /* MainViewController.swift in Sources */ = {isa = PBXBuildFile; fileRef = DB42E0552242BBB00017511D /* MainViewController.swift */; };
		DB42E0592242BBB10017511D /* Main.storyboard in Resources */ = {isa = PBXBuildFile; fileRef = DB42E0572242BBB00017511D /* Main.storyboard */; };
		DB42E05B2242BBB20017511D /* Assets.xcassets in Resources */ = {isa = PBXBuildFile; fileRef = DB42E05A2242BBB20017511D /* Assets.xcassets */; };
		DB42E05E2242BBB20017511D /* LaunchScreen.storyboard in Resources */ = {isa = PBXBuildFile; fileRef = DB42E05C2242BBB20017511D /* LaunchScreen.storyboard */; };
		DB42E0672242BBEE0017511D /* CoreBluetooth.framework in Frameworks */ = {isa = PBXBuildFile; fileRef = DB42E0662242BBEE0017511D /* CoreBluetooth.framework */; };
		DB42E0692242BC580017511D /* ScanTableViewController.swift in Sources */ = {isa = PBXBuildFile; fileRef = DB42E0682242BC580017511D /* ScanTableViewController.swift */; };
/* End PBXBuildFile section */

/* Begin PBXFileReference section */
		DB3273CA224475AA00587BF7 /* Peripheral.swift */ = {isa = PBXFileReference; lastKnownFileType = sourcecode.swift; path = Peripheral.swift; sourceTree = "<group>"; };
		DB42E0502242BBB00017511D /* BLEDemo.app */ = {isa = PBXFileReference; explicitFileType = wrapper.application; includeInIndex = 0; path = BLEDemo.app; sourceTree = BUILT_PRODUCTS_DIR; };
		DB42E0532242BBB00017511D /* AppDelegate.swift */ = {isa = PBXFileReference; lastKnownFileType = sourcecode.swift; path = AppDelegate.swift; sourceTree = "<group>"; };
		DB42E0552242BBB00017511D /* MainViewController.swift */ = {isa = PBXFileReference; lastKnownFileType = sourcecode.swift; path = MainViewController.swift; sourceTree = "<group>"; };
		DB42E0582242BBB00017511D /* Base */ = {isa = PBXFileReference; lastKnownFileType = file.storyboard; name = Base; path = Base.lproj/Main.storyboard; sourceTree = "<group>"; };
		DB42E05A2242BBB20017511D /* Assets.xcassets */ = {isa = PBXFileReference; lastKnownFileType = folder.assetcatalog; path = Assets.xcassets; sourceTree = "<group>"; };
		DB42E05D2242BBB20017511D /* Base */ = {isa = PBXFileReference; lastKnownFileType = file.storyboard; name = Base; path = Base.lproj/LaunchScreen.storyboard; sourceTree = "<group>"; };
		DB42E05F2242BBB20017511D /* Info.plist */ = {isa = PBXFileReference; lastKnownFileType = text.plist.xml; path = Info.plist; sourceTree = "<group>"; };
		DB42E0662242BBEE0017511D /* CoreBluetooth.framework */ = {isa = PBXFileReference; lastKnownFileType = wrapper.framework; name = CoreBluetooth.framework; path = System/Library/Frameworks/CoreBluetooth.framework; sourceTree = SDKROOT; };
		DB42E0682242BC580017511D /* ScanTableViewController.swift */ = {isa = PBXFileReference; lastKnownFileType = sourcecode.swift; path = ScanTableViewController.swift; sourceTree = "<group>"; };
/* End PBXFileReference section */

/* Begin PBXFrameworksBuildPhase section */
		DB42E04D2242BBB00017511D /* Frameworks */ = {
			isa = PBXFrameworksBuildPhase;
			buildActionMask = 2147483647;
			files = (
				DB42E0672242BBEE0017511D /* CoreBluetooth.framework in Frameworks */,
			);
			runOnlyForDeploymentPostprocessing = 0;
		};
/* End PBXFrameworksBuildPhase section */

/* Begin PBXGroup section */
		DB3273C72244752300587BF7 /* Controllers */ = {
			isa = PBXGroup;
			children = (
				DB42E0552242BBB00017511D /* MainViewController.swift */,
				DB42E0682242BC580017511D /* ScanTableViewController.swift */,
			);
			path = Controllers;
			sourceTree = "<group>";
		};
		DB3273C92244753800587BF7 /* Models */ = {
			isa = PBXGroup;
			children = (
				DB3273CA224475AA00587BF7 /* Peripheral.swift */,
			);
			path = Models;
			sourceTree = "<group>";
		};
		DB42E0472242BBB00017511D = {
			isa = PBXGroup;
			children = (
				DB42E0522242BBB00017511D /* BLEDemo */,
				DB42E0512242BBB00017511D /* Products */,
				DB42E0652242BBED0017511D /* Frameworks */,
			);
			sourceTree = "<group>";
		};
		DB42E0512242BBB00017511D /* Products */ = {
			isa = PBXGroup;
			children = (
				DB42E0502242BBB00017511D /* BLEDemo.app */,
			);
			name = Products;
			sourceTree = "<group>";
		};
		DB42E0522242BBB00017511D /* BLEDemo */ = {
			isa = PBXGroup;
			children = (
				DB3273C92244753800587BF7 /* Models */,
				DB3273C72244752300587BF7 /* Controllers */,
				DB42E0532242BBB00017511D /* AppDelegate.swift */,
				DB42E0572242BBB00017511D /* Main.storyboard */,
				DB42E05A2242BBB20017511D /* Assets.xcassets */,
				DB42E05C2242BBB20017511D /* LaunchScreen.storyboard */,
				DB42E05F2242BBB20017511D /* Info.plist */,
			);
			path = BLEDemo;
			sourceTree = "<group>";
		};
		DB42E0652242BBED0017511D /* Frameworks */ = {
			isa = PBXGroup;
			children = (
				DB42E0662242BBEE0017511D /* CoreBluetooth.framework */,
			);
			name = Frameworks;
			sourceTree = "<group>";
		};
/* End PBXGroup section */

/* Begin PBXNativeTarget section */
		DB42E04F2242BBB00017511D /* BLEDemo */ = {
			isa = PBXNativeTarget;
			buildConfigurationList = DB42E0622242BBB20017511D /* Build configuration list for PBXNativeTarget "BLEDemo" */;
			buildPhases = (
				DB42E04C2242BBB00017511D /* Sources */,
				DB42E04D2242BBB00017511D /* Frameworks */,
				DB42E04E2242BBB00017511D /* Resources */,
			);
			buildRules = (
			);
			dependencies = (
			);
			name = BLEDemo;
			productName = BLEDemo;
			productReference = DB42E0502242BBB00017511D /* BLEDemo.app */;
			productType = "com.apple.product-type.application";
		};
/* End PBXNativeTarget section */

/* Begin PBXProject section */
		DB42E0482242BBB00017511D /* Project object */ = {
			isa = PBXProject;
			attributes = {
				LastSwiftUpdateCheck = 1010;
				LastUpgradeCheck = 1010;
				ORGANIZATIONNAME = "Azure Horse Creations";
				TargetAttributes = {
					DB42E04F2242BBB00017511D = {
						CreatedOnToolsVersion = 10.1;
					};
				};
			};
			buildConfigurationList = DB42E04B2242BBB00017511D /* Build configuration list for PBXProject "BLEDemo" */;
			compatibilityVersion = "Xcode 9.3";
			developmentRegion = en;
			hasScannedForEncodings = 0;
			knownRegions = (
				en,
				Base,
			);
			mainGroup = DB42E0472242BBB00017511D;
			productRefGroup = DB42E0512242BBB00017511D /* Products */;
			projectDirPath = "";
			projectRoot = "";
			targets = (
				DB42E04F2242BBB00017511D /* BLEDemo */,
			);
		};
/* End PBXProject section */

/* Begin PBXResourcesBuildPhase section */
		DB42E04E2242BBB00017511D /* Resources */ = {
			isa = PBXResourcesBuildPhase;
			buildActionMask = 2147483647;
			files = (
				DB42E05E2242BBB20017511D /* LaunchScreen.storyboard in Resources */,
				DB42E05B2242BBB20017511D /* Assets.xcassets in Resources */,
				DB42E0592242BBB10017511D /* Main.storyboard in Resources */,
			);
			runOnlyForDeploymentPostprocessing = 0;
		};
/* End PBXResourcesBuildPhase section */

/* Begin PBXSourcesBuildPhase section */
		DB42E04C2242BBB00017511D /* Sources */ = {
			isa = PBXSourcesBuildPhase;
			buildActionMask = 2147483647;
			files = (
				DB42E0562242BBB00017511D /* MainViewController.swift in Sources */,
				DB42E0542242BBB00017511D /* AppDelegate.swift in Sources */,
				DB42E0692242BC580017511D /* ScanTableViewController.swift in Sources */,
				DB3273CB224475AA00587BF7 /* Peripheral.swift in Sources */,
			);
			runOnlyForDeploymentPostprocessing = 0;
		};
/* End PBXSourcesBuildPhase section */

/* Begin PBXVariantGroup section */
		DB42E0572242BBB00017511D /* Main.storyboard */ = {
			isa = PBXVariantGroup;
			children = (
				DB42E0582242BBB00017511D /* Base */,
			);
			name = Main.storyboard;
			sourceTree = "<group>";
		};
		DB42E05C2242BBB20017511D /* LaunchScreen.storyboard */ = {
			isa = PBXVariantGroup;
			children = (
				DB42E05D2242BBB20017511D /* Base */,
			);
			name = LaunchScreen.storyboard;
			sourceTree = "<group>";
		};
/* End PBXVariantGroup section */

/* Begin XCBuildConfiguration section */
		DB42E0602242BBB20017511D /* Debug */ = {
			isa = XCBuildConfiguration;
			buildSettings = {
				ALWAYS_SEARCH_USER_PATHS = NO;
				CLANG_ANALYZER_NONNULL = YES;
				CLANG_ANALYZER_NUMBER_OBJECT_CONVERSION = YES_AGGRESSIVE;
				CLANG_CXX_LANGUAGE_STANDARD = "gnu++14";
				CLANG_CXX_LIBRARY = "libc++";
				CLANG_ENABLE_MODULES = YES;
				CLANG_ENABLE_OBJC_ARC = YES;
				CLANG_ENABLE_OBJC_WEAK = YES;
				CLANG_WARN_BLOCK_CAPTURE_AUTORELEASING = YES;
				CLANG_WARN_BOOL_CONVERSION = YES;
				CLANG_WARN_COMMA = YES;
				CLANG_WARN_CONSTANT_CONVERSION = YES;
				CLANG_WARN_DEPRECATED_OBJC_IMPLEMENTATIONS = YES;
				CLANG_WARN_DIRECT_OBJC_ISA_USAGE = YES_ERROR;
				CLANG_WARN_DOCUMENTATION_COMMENTS = YES;
				CLANG_WARN_EMPTY_BODY = YES;
				CLANG_WARN_ENUM_CONVERSION = YES;
				CLANG_WARN_INFINITE_RECURSION = YES;
				CLANG_WARN_INT_CONVERSION = YES;
				CLANG_WARN_NON_LITERAL_NULL_CONVERSION = YES;
				CLANG_WARN_OBJC_IMPLICIT_RETAIN_SELF = YES;
				CLANG_WARN_OBJC_LITERAL_CONVERSION = YES;
				CLANG_WARN_OBJC_ROOT_CLASS = YES_ERROR;
				CLANG_WARN_RANGE_LOOP_ANALYSIS = YES;
				CLANG_WARN_STRICT_PROTOTYPES = YES;
				CLANG_WARN_SUSPICIOUS_MOVE = YES;
				CLANG_WARN_UNGUARDED_AVAILABILITY = YES_AGGRESSIVE;
				CLANG_WARN_UNREACHABLE_CODE = YES;
				CLANG_WARN__DUPLICATE_METHOD_MATCH = YES;
				CODE_SIGN_IDENTITY = "iPhone Developer";
				COPY_PHASE_STRIP = NO;
				DEBUG_INFORMATION_FORMAT = dwarf;
				ENABLE_STRICT_OBJC_MSGSEND = YES;
				ENABLE_TESTABILITY = YES;
				GCC_C_LANGUAGE_STANDARD = gnu11;
				GCC_DYNAMIC_NO_PIC = NO;
				GCC_NO_COMMON_BLOCKS = YES;
				GCC_OPTIMIZATION_LEVEL = 0;
				GCC_PREPROCESSOR_DEFINITIONS = (
					"DEBUG=1",
					"$(inherited)",
				);
				GCC_WARN_64_TO_32_BIT_CONVERSION = YES;
				GCC_WARN_ABOUT_RETURN_TYPE = YES_ERROR;
				GCC_WARN_UNDECLARED_SELECTOR = YES;
				GCC_WARN_UNINITIALIZED_AUTOS = YES_AGGRESSIVE;
				GCC_WARN_UNUSED_FUNCTION = YES;
				GCC_WARN_UNUSED_VARIABLE = YES;
				IPHONEOS_DEPLOYMENT_TARGET = 12.1;
				MTL_ENABLE_DEBUG_INFO = INCLUDE_SOURCE;
				MTL_FAST_MATH = YES;
				ONLY_ACTIVE_ARCH = YES;
				SDKROOT = iphoneos;
				SWIFT_ACTIVE_COMPILATION_CONDITIONS = DEBUG;
				SWIFT_OPTIMIZATION_LEVEL = "-Onone";
			};
			name = Debug;
		};
		DB42E0612242BBB20017511D /* Release */ = {
			isa = XCBuildConfiguration;
			buildSettings = {
				ALWAYS_SEARCH_USER_PATHS = NO;
				CLANG_ANALYZER_NONNULL = YES;
				CLANG_ANALYZER_NUMBER_OBJECT_CONVERSION = YES_AGGRESSIVE;
				CLANG_CXX_LANGUAGE_STANDARD = "gnu++14";
				CLANG_CXX_LIBRARY = "libc++";
				CLANG_ENABLE_MODULES = YES;
				CLANG_ENABLE_OBJC_ARC = YES;
				CLANG_ENABLE_OBJC_WEAK = YES;
				CLANG_WARN_BLOCK_CAPTURE_AUTORELEASING = YES;
				CLANG_WARN_BOOL_CONVERSION = YES;
				CLANG_WARN_COMMA = YES;
				CLANG_WARN_CONSTANT_CONVERSION = YES;
				CLANG_WARN_DEPRECATED_OBJC_IMPLEMENTATIONS = YES;
				CLANG_WARN_DIRECT_OBJC_ISA_USAGE = YES_ERROR;
				CLANG_WARN_DOCUMENTATION_COMMENTS = YES;
				CLANG_WARN_EMPTY_BODY = YES;
				CLANG_WARN_ENUM_CONVERSION = YES;
				CLANG_WARN_INFINITE_RECURSION = YES;
				CLANG_WARN_INT_CONVERSION = YES;
				CLANG_WARN_NON_LITERAL_NULL_CONVERSION = YES;
				CLANG_WARN_OBJC_IMPLICIT_RETAIN_SELF = YES;
				CLANG_WARN_OBJC_LITERAL_CONVERSION = YES;
				CLANG_WARN_OBJC_ROOT_CLASS = YES_ERROR;
				CLANG_WARN_RANGE_LOOP_ANALYSIS = YES;
				CLANG_WARN_STRICT_PROTOTYPES = YES;
				CLANG_WARN_SUSPICIOUS_MOVE = YES;
				CLANG_WARN_UNGUARDED_AVAILABILITY = YES_AGGRESSIVE;
				CLANG_WARN_UNREACHABLE_CODE = YES;
				CLANG_WARN__DUPLICATE_METHOD_MATCH = YES;
				CODE_SIGN_IDENTITY = "iPhone Developer";
				COPY_PHASE_STRIP = NO;
				DEBUG_INFORMATION_FORMAT = "dwarf-with-dsym";
				ENABLE_NS_ASSERTIONS = NO;
				ENABLE_STRICT_OBJC_MSGSEND = YES;
				GCC_C_LANGUAGE_STANDARD = gnu11;
				GCC_NO_COMMON_BLOCKS = YES;
				GCC_WARN_64_TO_32_BIT_CONVERSION = YES;
				GCC_WARN_ABOUT_RETURN_TYPE = YES_ERROR;
				GCC_WARN_UNDECLARED_SELECTOR = YES;
				GCC_WARN_UNINITIALIZED_AUTOS = YES_AGGRESSIVE;
				GCC_WARN_UNUSED_FUNCTION = YES;
				GCC_WARN_UNUSED_VARIABLE = YES;
				IPHONEOS_DEPLOYMENT_TARGET = 12.1;
				MTL_ENABLE_DEBUG_INFO = NO;
				MTL_FAST_MATH = YES;
				SDKROOT = iphoneos;
				SWIFT_COMPILATION_MODE = wholemodule;
				SWIFT_OPTIMIZATION_LEVEL = "-O";
				VALIDATE_PRODUCT = YES;
			};
			name = Release;
		};
		DB42E0632242BBB20017511D /* Debug */ = {
			isa = XCBuildConfiguration;
			buildSettings = {
				ASSETCATALOG_COMPILER_APPICON_NAME = AppIcon;
				CODE_SIGN_STYLE = Automatic;
				DEVELOPMENT_TEAM = 92S6VPY8H9;
				INFOPLIST_FILE = BLEDemo/Info.plist;
				IPHONEOS_DEPLOYMENT_TARGET = 12.1;
				LD_RUNPATH_SEARCH_PATHS = (
					"$(inherited)",
					"@executable_path/Frameworks",
				);
				PRODUCT_BUNDLE_IDENTIFIER = com.azurehorsecreations.BLEDemo;
				PRODUCT_NAME = "$(TARGET_NAME)";
				SWIFT_VERSION = 4.2;
				TARGETED_DEVICE_FAMILY = "1,2";
			};
			name = Debug;
		};
		DB42E0642242BBB20017511D /* Release */ = {
			isa = XCBuildConfiguration;
			buildSettings = {
				ASSETCATALOG_COMPILER_APPICON_NAME = AppIcon;
				CODE_SIGN_STYLE = Automatic;
				DEVELOPMENT_TEAM = 92S6VPY8H9;
				INFOPLIST_FILE = BLEDemo/Info.plist;
				IPHONEOS_DEPLOYMENT_TARGET = 12.1;
				LD_RUNPATH_SEARCH_PATHS = (
					"$(inherited)",
					"@executable_path/Frameworks",
				);
				PRODUCT_BUNDLE_IDENTIFIER = com.azurehorsecreations.BLEDemo;
				PRODUCT_NAME = "$(TARGET_NAME)";
				SWIFT_VERSION = 4.2;
				TARGETED_DEVICE_FAMILY = "1,2";
			};
			name = Release;
		};
/* End XCBuildConfiguration section */

/* Begin XCConfigurationList section */
		DB42E04B2242BBB00017511D /* Build configuration list for PBXProject "BLEDemo" */ = {
			isa = XCConfigurationList;
			buildConfigurations = (
				DB42E0602242BBB20017511D /* Debug */,
				DB42E0612242BBB20017511D /* Release */,
			);
			defaultConfigurationIsVisible = 0;
			defaultConfigurationName = Release;
		};
		DB42E0622242BBB20017511D /* Build configuration list for PBXNativeTarget "BLEDemo" */ = {
			isa = XCConfigurationList;
			buildConfigurations = (
				DB42E0632242BBB20017511D /* Debug */,
				DB42E0642242BBB20017511D /* Release */,
			);
			defaultConfigurationIsVisible = 0;
			defaultConfigurationName = Release;
		};
/* End XCConfigurationList section */
	};
	rootObject = DB42E0482242BBB00017511D /* Project object */;
}
